
Microsoft Visual Studio Solution File, Format Version 12.00
# Visual Studio Version 17
VisualStudioVersion = 17.0.31903.59
MinimumVisualStudioVersion = 10.0.40219.1
Project("{2150E333-8FDC-42A3-9474-1A3956D46DE8}") = "src", "src", "{827E0CD3-B72D-47B6-A68D-7590B98EB39B}"
EndProject
Project("{FAE04EC0-301F-11D3-BF4B-00C04F79EFBC}") = "MasterNet9.WebApi", "src\MasterNet9.WebApi\MasterNet9.WebApi.csproj", "{8DA28D4D-F4CB-4AB1-894C-B2938DC45AAE}"
EndProject
Project("{FAE04EC0-301F-11D3-BF4B-00C04F79EFBC}") = "MasterNet9.Domain", "src\MasterNet9.Domain\MasterNet9.Domain.csproj", "{12F7DA85-DD88-456A-9859-08C7ABC5F971}"
EndProject
Project("{FAE04EC0-301F-11D3-BF4B-00C04F79EFBC}") = "MasterNet9.Persistence", "src\MasterNet9.Persistence\MasterNet9.Persistence.csproj", "{B1243955-2F53-401E-BC77-2C899F9B4186}"
EndProject
Project("{FAE04EC0-301F-11D3-BF4B-00C04F79EFBC}") = "MasterNet9.Application", "src\MasterNet9.Application\MasterNet9.Application.csproj", "{EB2A8316-EF02-4BA7-A0FA-9AC684690E3F}"
EndProject
Project("{FAE04EC0-301F-11D3-BF4B-00C04F79EFBC}") = "MasterNet9.Infrastructure", "src\MasterNet9.Infrastructure\MasterNet9.Infrastructure.csproj", "{E9E853A0-B459-4FAE-A932-20E10C466EDB}"
EndProject
Global
	GlobalSection(SolutionConfigurationPlatforms) = preSolution
		Debug|Any CPU = Debug|Any CPU
		Debug|x64 = Debug|x64
		Debug|x86 = Debug|x86
		Release|Any CPU = Release|Any CPU
		Release|x64 = Release|x64
		Release|x86 = Release|x86
	EndGlobalSection
	GlobalSection(ProjectConfigurationPlatforms) = postSolution
		{8DA28D4D-F4CB-4AB1-894C-B2938DC45AAE}.Debug|Any CPU.ActiveCfg = Debug|Any CPU
		{8DA28D4D-F4CB-4AB1-894C-B2938DC45AAE}.Debug|Any CPU.Build.0 = Debug|Any CPU
		{8DA28D4D-F4CB-4AB1-894C-B2938DC45AAE}.Debug|x64.ActiveCfg = Debug|Any CPU
		{8DA28D4D-F4CB-4AB1-894C-B2938DC45AAE}.Debug|x64.Build.0 = Debug|Any CPU
		{8DA28D4D-F4CB-4AB1-894C-B2938DC45AAE}.Debug|x86.ActiveCfg = Debug|Any CPU
		{8DA28D4D-F4CB-4AB1-894C-B2938DC45AAE}.Debug|x86.Build.0 = Debug|Any CPU
		{8DA28D4D-F4CB-4AB1-894C-B2938DC45AAE}.Release|Any CPU.ActiveCfg = Release|Any CPU
		{8DA28D4D-F4CB-4AB1-894C-B2938DC45AAE}.Release|Any CPU.Build.0 = Release|Any CPU
		{8DA28D4D-F4CB-4AB1-894C-B2938DC45AAE}.Release|x64.ActiveCfg = Release|Any CPU
		{8DA28D4D-F4CB-4AB1-894C-B2938DC45AAE}.Release|x64.Build.0 = Release|Any CPU
		{8DA28D4D-F4CB-4AB1-894C-B2938DC45AAE}.Release|x86.ActiveCfg = Release|Any CPU
		{8DA28D4D-F4CB-4AB1-894C-B2938DC45AAE}.Release|x86.Build.0 = Release|Any CPU
		{12F7DA85-DD88-456A-9859-08C7ABC5F971}.Debug|Any CPU.ActiveCfg = Debug|Any CPU
		{12F7DA85-DD88-456A-9859-08C7ABC5F971}.Debug|Any CPU.Build.0 = Debug|Any CPU
		{12F7DA85-DD88-456A-9859-08C7ABC5F971}.Debug|x64.ActiveCfg = Debug|Any CPU
		{12F7DA85-DD88-456A-9859-08C7ABC5F971}.Debug|x64.Build.0 = Debug|Any CPU
		{12F7DA85-DD88-456A-9859-08C7ABC5F971}.Debug|x86.ActiveCfg = Debug|Any CPU
		{12F7DA85-DD88-456A-9859-08C7ABC5F971}.Debug|x86.Build.0 = Debug|Any CPU
		{12F7DA85-DD88-456A-9859-08C7ABC5F971}.Release|Any CPU.ActiveCfg = Release|Any CPU
		{12F7DA85-DD88-456A-9859-08C7ABC5F971}.Release|Any CPU.Build.0 = Release|Any CPU
		{12F7DA85-DD88-456A-9859-08C7ABC5F971}.Release|x64.ActiveCfg = Release|Any CPU
		{12F7DA85-DD88-456A-9859-08C7ABC5F971}.Release|x64.Build.0 = Release|Any CPU
		{12F7DA85-DD88-456A-9859-08C7ABC5F971}.Release|x86.ActiveCfg = Release|Any CPU
		{12F7DA85-DD88-456A-9859-08C7ABC5F971}.Release|x86.Build.0 = Release|Any CPU
		{B1243955-2F53-401E-BC77-2C899F9B4186}.Debug|Any CPU.ActiveCfg = Debug|Any CPU
		{B1243955-2F53-401E-BC77-2C899F9B4186}.Debug|Any CPU.Build.0 = Debug|Any CPU
		{B1243955-2F53-401E-BC77-2C899F9B4186}.Debug|x64.ActiveCfg = Debug|Any CPU
		{B1243955-2F53-401E-BC77-2C899F9B4186}.Debug|x64.Build.0 = Debug|Any CPU
		{B1243955-2F53-401E-BC77-2C899F9B4186}.Debug|x86.ActiveCfg = Debug|Any CPU
		{B1243955-2F53-401E-BC77-2C899F9B4186}.Debug|x86.Build.0 = Debug|Any CPU
		{B1243955-2F53-401E-BC77-2C899F9B4186}.Release|Any CPU.ActiveCfg = Release|Any CPU
		{B1243955-2F53-401E-BC77-2C899F9B4186}.Release|Any CPU.Build.0 = Release|Any CPU
		{B1243955-2F53-401E-BC77-2C899F9B4186}.Release|x64.ActiveCfg = Release|Any CPU
		{B1243955-2F53-401E-BC77-2C899F9B4186}.Release|x64.Build.0 = Release|Any CPU
		{B1243955-2F53-401E-BC77-2C899F9B4186}.Release|x86.ActiveCfg = Release|Any CPU
		{B1243955-2F53-401E-BC77-2C899F9B4186}.Release|x86.Build.0 = Release|Any CPU
		{EB2A8316-EF02-4BA7-A0FA-9AC684690E3F}.Debug|Any CPU.ActiveCfg = Debug|Any CPU
		{EB2A8316-EF02-4BA7-A0FA-9AC684690E3F}.Debug|Any CPU.Build.0 = Debug|Any CPU
		{EB2A8316-EF02-4BA7-A0FA-9AC684690E3F}.Debug|x64.ActiveCfg = Debug|Any CPU
		{EB2A8316-EF02-4BA7-A0FA-9AC684690E3F}.Debug|x64.Build.0 = Debug|Any CPU
		{EB2A8316-EF02-4BA7-A0FA-9AC684690E3F}.Debug|x86.ActiveCfg = Debug|Any CPU
		{EB2A8316-EF02-4BA7-A0FA-9AC684690E3F}.Debug|x86.Build.0 = Debug|Any CPU
		{EB2A8316-EF02-4BA7-A0FA-9AC684690E3F}.Release|Any CPU.ActiveCfg = Release|Any CPU
		{EB2A8316-EF02-4BA7-A0FA-9AC684690E3F}.Release|Any CPU.Build.0 = Release|Any CPU
		{EB2A8316-EF02-4BA7-A0FA-9AC684690E3F}.Release|x64.ActiveCfg = Release|Any CPU
		{EB2A8316-EF02-4BA7-A0FA-9AC684690E3F}.Release|x64.Build.0 = Release|Any CPU
		{EB2A8316-EF02-4BA7-A0FA-9AC684690E3F}.Release|x86.ActiveCfg = Release|Any CPU
		{EB2A8316-EF02-4BA7-A0FA-9AC684690E3F}.Release|x86.Build.0 = Release|Any CPU
		{E9E853A0-B459-4FAE-A932-20E10C466EDB}.Debug|Any CPU.ActiveCfg = Debug|Any CPU
		{E9E853A0-B459-4FAE-A932-20E10C466EDB}.Debug|Any CPU.Build.0 = Debug|Any CPU
		{E9E853A0-B459-4FAE-A932-20E10C466EDB}.Debug|x64.ActiveCfg = Debug|Any CPU
		{E9E853A0-B459-4FAE-A932-20E10C466EDB}.Debug|x64.Build.0 = Debug|Any CPU
		{E9E853A0-B459-4FAE-A932-20E10C466EDB}.Debug|x86.ActiveCfg = Debug|Any CPU
		{E9E853A0-B459-4FAE-A932-20E10C466EDB}.Debug|x86.Build.0 = Debug|Any CPU
		{E9E853A0-B459-4FAE-A932-20E10C466EDB}.Release|Any CPU.ActiveCfg = Release|Any CPU
		{E9E853A0-B459-4FAE-A932-20E10C466EDB}.Release|Any CPU.Build.0 = Release|Any CPU
		{E9E853A0-B459-4FAE-A932-20E10C466EDB}.Release|x64.ActiveCfg = Release|Any CPU
		{E9E853A0-B459-4FAE-A932-20E10C466EDB}.Release|x64.Build.0 = Release|Any CPU
		{E9E853A0-B459-4FAE-A932-20E10C466EDB}.Release|x86.ActiveCfg = Release|Any CPU
		{E9E853A0-B459-4FAE-A932-20E10C466EDB}.Release|x86.Build.0 = Release|Any CPU
	EndGlobalSection
	GlobalSection(SolutionProperties) = preSolution
		HideSolutionNode = FALSE
	EndGlobalSection
	GlobalSection(NestedProjects) = preSolution
		{8DA28D4D-F4CB-4AB1-894C-B2938DC45AAE} = {827E0CD3-B72D-47B6-A68D-7590B98EB39B}
		{12F7DA85-DD88-456A-9859-08C7ABC5F971} = {827E0CD3-B72D-47B6-A68D-7590B98EB39B}
		{B1243955-2F53-401E-BC77-2C899F9B4186} = {827E0CD3-B72D-47B6-A68D-7590B98EB39B}
		{EB2A8316-EF02-4BA7-A0FA-9AC684690E3F} = {827E0CD3-B72D-47B6-A68D-7590B98EB39B}
		{E9E853A0-B459-4FAE-A932-20E10C466EDB} = {827E0CD3-B72D-47B6-A68D-7590B98EB39B}
	EndGlobalSection
	GlobalSection(ExtensibilityGlobals) = postSolution
		SolutionGuid = {C8E34BFA-8B79-4C3F-8964-DE440625237D}
	EndGlobalSection
EndGlobal
